
Microsoft Visual Studio Solution File, Format Version 12.00
# Visual Studio Version 17
VisualStudioVersion = 17.14.36327.8
MinimumVisualStudioVersion = 10.0.40219.1
Project("{FAE04EC0-301F-11D3-BF4B-00C04F79EFBC}") = "Games", "Games\Games.csproj", "{795046A8-21A0-4D57-8268-B1B90EFFE562}"
EndProject
Global
	GlobalSection(SolutionConfigurationPlatforms) = preSolution
		Debug|Any CPU = Debug|Any CPU
		Release|Any CPU = Release|Any CPU
	EndGlobalSection
	GlobalSection(ProjectConfigurationPlatforms) = postSolution
		{795046A8-21A0-4D57-8268-B1B90EFFE562}.Debug|Any CPU.ActiveCfg = Debug|Any CPU
		{795046A8-21A0-4D57-8268-B1B90EFFE562}.Debug|Any CPU.Build.0 = Debug|Any CPU
		{795046A8-21A0-4D57-8268-B1B90EFFE562}.Release|Any CPU.ActiveCfg = Release|Any CPU
		{795046A8-21A0-4D57-8268-B1B90EFFE562}.Release|Any CPU.Build.0 = Release|Any CPU
	EndGlobalSection
	GlobalSection(SolutionProperties) = preSolution
		HideSolutionNode = FALSE
	EndGlobalSection
	GlobalSection(ExtensibilityGlobals) = postSolution
		SolutionGuid = {AD4138BA-B916-49E1-A002-E4022FAC0596}
	EndGlobalSection
EndGlobal
